// !$*UTF8*$!
{
	archiveVersion = 1;
	classes = {
	};
	objectVersion = 46;
	objects = {

/* Begin PBXBuildFile section */
		3443AED31B3C1F9400DF9C2C /* FindItemCell.m in Sources */ = {isa = PBXBuildFile; fileRef = 3443AED21B3C1F9400DF9C2C /* FindItemCell.m */; };
		3443AED61B3C334700DF9C2C /* CollectionCell.m in Sources */ = {isa = PBXBuildFile; fileRef = 3443AED51B3C334700DF9C2C /* CollectionCell.m */; };
		3443AEE21B3C398B00DF9C2C /* EGOCache.m in Sources */ = {isa = PBXBuildFile; fileRef = 3443AED91B3C398B00DF9C2C /* EGOCache.m */; };
		3443AEE31B3C398B00DF9C2C /* EGOImageButton.m in Sources */ = {isa = PBXBuildFile; fileRef = 3443AEDB1B3C398B00DF9C2C /* EGOImageButton.m */; };
		3443AEE41B3C398B00DF9C2C /* EGOImageLoadConnection.m in Sources */ = {isa = PBXBuildFile; fileRef = 3443AEDD1B3C398B00DF9C2C /* EGOImageLoadConnection.m */; };
		3443AEE51B3C398B00DF9C2C /* EGOImageLoader.m in Sources */ = {isa = PBXBuildFile; fileRef = 3443AEDF1B3C398B00DF9C2C /* EGOImageLoader.m */; };
		3443AEE61B3C398B00DF9C2C /* EGOImageView.m in Sources */ = {isa = PBXBuildFile; fileRef = 3443AEE11B3C398B00DF9C2C /* EGOImageView.m */; };
		3453AB591B3B9A2F0049C184 /* main.m in Sources */ = {isa = PBXBuildFile; fileRef = 3453AB581B3B9A2F0049C184 /* main.m */; };
		3453AB5C1B3B9A2F0049C184 /* AppDelegate.m in Sources */ = {isa = PBXBuildFile; fileRef = 3453AB5B1B3B9A2F0049C184 /* AppDelegate.m */; };
		3453AB5E1B3B9A2F0049C184 /* Images.xcassets in Resources */ = {isa = PBXBuildFile; fileRef = 3453AB5D1B3B9A2F0049C184 /* Images.xcassets */; };
		3453AB611B3B9A2F0049C184 /* LaunchScreen.xib in Resources */ = {isa = PBXBuildFile; fileRef = 3453AB5F1B3B9A2F0049C184 /* LaunchScreen.xib */; };
		3453AB6D1B3B9A2F0049C184 /* JJCartoonTests.m in Sources */ = {isa = PBXBuildFile; fileRef = 3453AB6C1B3B9A2F0049C184 /* JJCartoonTests.m */; };
		3453ABA51B3BA2A90049C184 /* FirstViewController.m in Sources */ = {isa = PBXBuildFile; fileRef = 3453ABA31B3BA2A90049C184 /* FirstViewController.m */; };
		3453ABA61B3BA2A90049C184 /* FirstViewController.xib in Resources */ = {isa = PBXBuildFile; fileRef = 3453ABA41B3BA2A90049C184 /* FirstViewController.xib */; };
		3453ABAA1B3BA2BE0049C184 /* SecondViewController.m in Sources */ = {isa = PBXBuildFile; fileRef = 3453ABA81B3BA2BE0049C184 /* SecondViewController.m */; };
		3453ABAB1B3BA2BE0049C184 /* SecondViewController.xib in Resources */ = {isa = PBXBuildFile; fileRef = 3453ABA91B3BA2BE0049C184 /* SecondViewController.xib */; };
		3453ABAF1B3BA2D30049C184 /* ThirdViewController.m in Sources */ = {isa = PBXBuildFile; fileRef = 3453ABAD1B3BA2D30049C184 /* ThirdViewController.m */; };
		3453ABB01B3BA2D30049C184 /* ThirdViewController.xib in Resources */ = {isa = PBXBuildFile; fileRef = 3453ABAE1B3BA2D30049C184 /* ThirdViewController.xib */; };
		3453ABB91B3BAA7D0049C184 /* RootViewController.m in Sources */ = {isa = PBXBuildFile; fileRef = 3453ABB71B3BAA7D0049C184 /* RootViewController.m */; };
		3453ABBA1B3BAA7D0049C184 /* RootViewController.xib in Resources */ = {isa = PBXBuildFile; fileRef = 3453ABB81B3BAA7D0049C184 /* RootViewController.xib */; };
		34AE055C1B3BB26800E1E6D3 /* NSData+SDDataCache.m in Sources */ = {isa = PBXBuildFile; fileRef = 34AE054C1B3BB26800E1E6D3 /* NSData+SDDataCache.m */; };
		34AE055D1B3BB26800E1E6D3 /* TAAbstractDotView.m in Sources */ = {isa = PBXBuildFile; fileRef = 34AE054F1B3BB26800E1E6D3 /* TAAbstractDotView.m */; };
		34AE055E1B3BB26800E1E6D3 /* TAAnimatedDotView.m in Sources */ = {isa = PBXBuildFile; fileRef = 34AE05511B3BB26800E1E6D3 /* TAAnimatedDotView.m */; };
		34AE055F1B3BB26800E1E6D3 /* TADotView.m in Sources */ = {isa = PBXBuildFile; fileRef = 34AE05531B3BB26800E1E6D3 /* TADotView.m */; };
		34AE05601B3BB26800E1E6D3 /* TAPageControl.m in Sources */ = {isa = PBXBuildFile; fileRef = 34AE05551B3BB26800E1E6D3 /* TAPageControl.m */; };
		34AE05611B3BB26800E1E6D3 /* SDCollectionViewCell.m in Sources */ = {isa = PBXBuildFile; fileRef = 34AE05571B3BB26800E1E6D3 /* SDCollectionViewCell.m */; settings = {COMPILER_FLAGS = "-fobjc-arc"; }; };
		34AE05621B3BB26800E1E6D3 /* SDCycleScrollView.m in Sources */ = {isa = PBXBuildFile; fileRef = 34AE05591B3BB26800E1E6D3 /* SDCycleScrollView.m */; settings = {COMPILER_FLAGS = "-fobjc-arc"; }; };
		34AE05631B3BB26800E1E6D3 /* UIView+SDExtension.m in Sources */ = {isa = PBXBuildFile; fileRef = 34AE055B1B3BB26800E1E6D3 /* UIView+SDExtension.m */; };
		34AE05661B3BDC1A00E1E6D3 /* CycleModel.m in Sources */ = {isa = PBXBuildFile; fileRef = 34AE05651B3BDC1A00E1E6D3 /* CycleModel.m */; };
		34AE056B1B3BE2CB00E1E6D3 /* NetworkEngine.m in Sources */ = {isa = PBXBuildFile; fileRef = 34AE056A1B3BE2CB00E1E6D3 /* NetworkEngine.m */; };
/* End PBXBuildFile section */

/* Begin PBXContainerItemProxy section */
		3453AB671B3B9A2F0049C184 /* PBXContainerItemProxy */ = {
			isa = PBXContainerItemProxy;
			containerPortal = 3453AB4B1B3B9A2F0049C184 /* Project object */;
			proxyType = 1;
			remoteGlobalIDString = 3453AB521B3B9A2F0049C184;
			remoteInfo = JJCartoon;
		};
/* End PBXContainerItemProxy section */

/* Begin PBXFileReference section */
		3443AED11B3C1F9400DF9C2C /* FindItemCell.h */ = {isa = PBXFileReference; fileEncoding = 4; lastKnownFileType = sourcecode.c.h; path = FindItemCell.h; sourceTree = "<group>"; };
		3443AED21B3C1F9400DF9C2C /* FindItemCell.m */ = {isa = PBXFileReference; fileEncoding = 4; lastKnownFileType = sourcecode.c.objc; path = FindItemCell.m; sourceTree = "<group>"; };
		3443AED41B3C334700DF9C2C /* CollectionCell.h */ = {isa = PBXFileReference; fileEncoding = 4; lastKnownFileType = sourcecode.c.h; path = CollectionCell.h; sourceTree = "<group>"; };
		3443AED51B3C334700DF9C2C /* CollectionCell.m */ = {isa = PBXFileReference; fileEncoding = 4; lastKnownFileType = sourcecode.c.objc; path = CollectionCell.m; sourceTree = "<group>"; };
		3443AED81B3C398B00DF9C2C /* EGOCache.h */ = {isa = PBXFileReference; fileEncoding = 4; lastKnownFileType = sourcecode.c.h; path = EGOCache.h; sourceTree = "<group>"; };
		3443AED91B3C398B00DF9C2C /* EGOCache.m */ = {isa = PBXFileReference; fileEncoding = 4; lastKnownFileType = sourcecode.c.objc; path = EGOCache.m; sourceTree = "<group>"; };
		3443AEDA1B3C398B00DF9C2C /* EGOImageButton.h */ = {isa = PBXFileReference; fileEncoding = 4; lastKnownFileType = sourcecode.c.h; path = EGOImageButton.h; sourceTree = "<group>"; };
		3443AEDB1B3C398B00DF9C2C /* EGOImageButton.m */ = {isa = PBXFileReference; fileEncoding = 4; lastKnownFileType = sourcecode.c.objc; path = EGOImageButton.m; sourceTree = "<group>"; };
		3443AEDC1B3C398B00DF9C2C /* EGOImageLoadConnection.h */ = {isa = PBXFileReference; fileEncoding = 4; lastKnownFileType = sourcecode.c.h; path = EGOImageLoadConnection.h; sourceTree = "<group>"; };
		3443AEDD1B3C398B00DF9C2C /* EGOImageLoadConnection.m */ = {isa = PBXFileReference; fileEncoding = 4; lastKnownFileType = sourcecode.c.objc; path = EGOImageLoadConnection.m; sourceTree = "<group>"; };
		3443AEDE1B3C398B00DF9C2C /* EGOImageLoader.h */ = {isa = PBXFileReference; fileEncoding = 4; lastKnownFileType = sourcecode.c.h; path = EGOImageLoader.h; sourceTree = "<group>"; };
		3443AEDF1B3C398B00DF9C2C /* EGOImageLoader.m */ = {isa = PBXFileReference; fileEncoding = 4; lastKnownFileType = sourcecode.c.objc; path = EGOImageLoader.m; sourceTree = "<group>"; };
		3443AEE01B3C398B00DF9C2C /* EGOImageView.h */ = {isa = PBXFileReference; fileEncoding = 4; lastKnownFileType = sourcecode.c.h; path = EGOImageView.h; sourceTree = "<group>"; };
		3443AEE11B3C398B00DF9C2C /* EGOImageView.m */ = {isa = PBXFileReference; fileEncoding = 4; lastKnownFileType = sourcecode.c.objc; path = EGOImageView.m; sourceTree = "<group>"; };
		3453AB531B3B9A2F0049C184 /* JJCartoon.app */ = {isa = PBXFileReference; explicitFileType = wrapper.application; includeInIndex = 0; path = JJCartoon.app; sourceTree = BUILT_PRODUCTS_DIR; };
		3453AB571B3B9A2F0049C184 /* Info.plist */ = {isa = PBXFileReference; lastKnownFileType = text.plist.xml; path = Info.plist; sourceTree = "<group>"; };
		3453AB581B3B9A2F0049C184 /* main.m */ = {isa = PBXFileReference; lastKnownFileType = sourcecode.c.objc; path = main.m; sourceTree = "<group>"; };
		3453AB5A1B3B9A2F0049C184 /* AppDelegate.h */ = {isa = PBXFileReference; lastKnownFileType = sourcecode.c.h; path = AppDelegate.h; sourceTree = "<group>"; };
		3453AB5B1B3B9A2F0049C184 /* AppDelegate.m */ = {isa = PBXFileReference; lastKnownFileType = sourcecode.c.objc; path = AppDelegate.m; sourceTree = "<group>"; };
		3453AB5D1B3B9A2F0049C184 /* Images.xcassets */ = {isa = PBXFileReference; lastKnownFileType = folder.assetcatalog; path = Images.xcassets; sourceTree = "<group>"; };
		3453AB601B3B9A2F0049C184 /* Base */ = {isa = PBXFileReference; lastKnownFileType = file.xib; name = Base; path = Base.lproj/LaunchScreen.xib; sourceTree = "<group>"; };
		3453AB661B3B9A2F0049C184 /* JJCartoonTests.xctest */ = {isa = PBXFileReference; explicitFileType = wrapper.cfbundle; includeInIndex = 0; path = JJCartoonTests.xctest; sourceTree = BUILT_PRODUCTS_DIR; };
		3453AB6B1B3B9A2F0049C184 /* Info.plist */ = {isa = PBXFileReference; lastKnownFileType = text.plist.xml; path = Info.plist; sourceTree = "<group>"; };
		3453AB6C1B3B9A2F0049C184 /* JJCartoonTests.m */ = {isa = PBXFileReference; lastKnownFileType = sourcecode.c.objc; path = JJCartoonTests.m; sourceTree = "<group>"; };
		3453ABA21B3BA2A90049C184 /* FirstViewController.h */ = {isa = PBXFileReference; fileEncoding = 4; lastKnownFileType = sourcecode.c.h; path = FirstViewController.h; sourceTree = "<group>"; };
		3453ABA31B3BA2A90049C184 /* FirstViewController.m */ = {isa = PBXFileReference; fileEncoding = 4; lastKnownFileType = sourcecode.c.objc; path = FirstViewController.m; sourceTree = "<group>"; };
		3453ABA41B3BA2A90049C184 /* FirstViewController.xib */ = {isa = PBXFileReference; fileEncoding = 4; lastKnownFileType = file.xib; path = FirstViewController.xib; sourceTree = "<group>"; };
		3453ABA71B3BA2BE0049C184 /* SecondViewController.h */ = {isa = PBXFileReference; fileEncoding = 4; lastKnownFileType = sourcecode.c.h; path = SecondViewController.h; sourceTree = "<group>"; };
		3453ABA81B3BA2BE0049C184 /* SecondViewController.m */ = {isa = PBXFileReference; fileEncoding = 4; lastKnownFileType = sourcecode.c.objc; path = SecondViewController.m; sourceTree = "<group>"; };
		3453ABA91B3BA2BE0049C184 /* SecondViewController.xib */ = {isa = PBXFileReference; fileEncoding = 4; lastKnownFileType = file.xib; path = SecondViewController.xib; sourceTree = "<group>"; };
		3453ABAC1B3BA2D30049C184 /* ThirdViewController.h */ = {isa = PBXFileReference; fileEncoding = 4; lastKnownFileType = sourcecode.c.h; path = ThirdViewController.h; sourceTree = "<group>"; };
		3453ABAD1B3BA2D30049C184 /* ThirdViewController.m */ = {isa = PBXFileReference; fileEncoding = 4; lastKnownFileType = sourcecode.c.objc; path = ThirdViewController.m; sourceTree = "<group>"; };
		3453ABAE1B3BA2D30049C184 /* ThirdViewController.xib */ = {isa = PBXFileReference; fileEncoding = 4; lastKnownFileType = file.xib; path = ThirdViewController.xib; sourceTree = "<group>"; };
		3453ABB61B3BAA7D0049C184 /* RootViewController.h */ = {isa = PBXFileReference; fileEncoding = 4; lastKnownFileType = sourcecode.c.h; path = RootViewController.h; sourceTree = "<group>"; };
		3453ABB71B3BAA7D0049C184 /* RootViewController.m */ = {isa = PBXFileReference; fileEncoding = 4; lastKnownFileType = sourcecode.c.objc; path = RootViewController.m; sourceTree = "<group>"; };
		3453ABB81B3BAA7D0049C184 /* RootViewController.xib */ = {isa = PBXFileReference; fileEncoding = 4; lastKnownFileType = file.xib; path = RootViewController.xib; sourceTree = "<group>"; };
		34AE054B1B3BB26800E1E6D3 /* NSData+SDDataCache.h */ = {isa = PBXFileReference; fileEncoding = 4; lastKnownFileType = sourcecode.c.h; path = "NSData+SDDataCache.h"; sourceTree = "<group>"; };
		34AE054C1B3BB26800E1E6D3 /* NSData+SDDataCache.m */ = {isa = PBXFileReference; fileEncoding = 4; lastKnownFileType = sourcecode.c.objc; path = "NSData+SDDataCache.m"; sourceTree = "<group>"; };
		34AE054E1B3BB26800E1E6D3 /* TAAbstractDotView.h */ = {isa = PBXFileReference; fileEncoding = 4; lastKnownFileType = sourcecode.c.h; path = TAAbstractDotView.h; sourceTree = "<group>"; };
		34AE054F1B3BB26800E1E6D3 /* TAAbstractDotView.m */ = {isa = PBXFileReference; fileEncoding = 4; lastKnownFileType = sourcecode.c.objc; path = TAAbstractDotView.m; sourceTree = "<group>"; };
		34AE05501B3BB26800E1E6D3 /* TAAnimatedDotView.h */ = {isa = PBXFileReference; fileEncoding = 4; lastKnownFileType = sourcecode.c.h; path = TAAnimatedDotView.h; sourceTree = "<group>"; };
		34AE05511B3BB26800E1E6D3 /* TAAnimatedDotView.m */ = {isa = PBXFileReference; fileEncoding = 4; lastKnownFileType = sourcecode.c.objc; path = TAAnimatedDotView.m; sourceTree = "<group>"; };
		34AE05521B3BB26800E1E6D3 /* TADotView.h */ = {isa = PBXFileReference; fileEncoding = 4; lastKnownFileType = sourcecode.c.h; path = TADotView.h; sourceTree = "<group>"; };
		34AE05531B3BB26800E1E6D3 /* TADotView.m */ = {isa = PBXFileReference; fileEncoding = 4; lastKnownFileType = sourcecode.c.objc; path = TADotView.m; sourceTree = "<group>"; };
		34AE05541B3BB26800E1E6D3 /* TAPageControl.h */ = {isa = PBXFileReference; fileEncoding = 4; lastKnownFileType = sourcecode.c.h; path = TAPageControl.h; sourceTree = "<group>"; };
		34AE05551B3BB26800E1E6D3 /* TAPageControl.m */ = {isa = PBXFileReference; fileEncoding = 4; lastKnownFileType = sourcecode.c.objc; path = TAPageControl.m; sourceTree = "<group>"; };
		34AE05561B3BB26800E1E6D3 /* SDCollectionViewCell.h */ = {isa = PBXFileReference; fileEncoding = 4; lastKnownFileType = sourcecode.c.h; path = SDCollectionViewCell.h; sourceTree = "<group>"; };
		34AE05571B3BB26800E1E6D3 /* SDCollectionViewCell.m */ = {isa = PBXFileReference; fileEncoding = 4; lastKnownFileType = sourcecode.c.objc; path = SDCollectionViewCell.m; sourceTree = "<group>"; };
		34AE05581B3BB26800E1E6D3 /* SDCycleScrollView.h */ = {isa = PBXFileReference; fileEncoding = 4; lastKnownFileType = sourcecode.c.h; path = SDCycleScrollView.h; sourceTree = "<group>"; };
		34AE05591B3BB26800E1E6D3 /* SDCycleScrollView.m */ = {isa = PBXFileReference; fileEncoding = 4; lastKnownFileType = sourcecode.c.objc; path = SDCycleScrollView.m; sourceTree = "<group>"; };
		34AE055A1B3BB26800E1E6D3 /* UIView+SDExtension.h */ = {isa = PBXFileReference; fileEncoding = 4; lastKnownFileType = sourcecode.c.h; path = "UIView+SDExtension.h"; sourceTree = "<group>"; };
		34AE055B1B3BB26800E1E6D3 /* UIView+SDExtension.m */ = {isa = PBXFileReference; fileEncoding = 4; lastKnownFileType = sourcecode.c.objc; path = "UIView+SDExtension.m"; sourceTree = "<group>"; };
		34AE05641B3BDC1A00E1E6D3 /* CycleModel.h */ = {isa = PBXFileReference; fileEncoding = 4; lastKnownFileType = sourcecode.c.h; path = CycleModel.h; sourceTree = "<group>"; };
		34AE05651B3BDC1A00E1E6D3 /* CycleModel.m */ = {isa = PBXFileReference; fileEncoding = 4; lastKnownFileType = sourcecode.c.objc; path = CycleModel.m; sourceTree = "<group>"; };
		34AE05691B3BE2CB00E1E6D3 /* NetworkEngine.h */ = {isa = PBXFileReference; fileEncoding = 4; lastKnownFileType = sourcecode.c.h; path = NetworkEngine.h; sourceTree = "<group>"; };
		34AE056A1B3BE2CB00E1E6D3 /* NetworkEngine.m */ = {isa = PBXFileReference; fileEncoding = 4; lastKnownFileType = sourcecode.c.objc; path = NetworkEngine.m; sourceTree = "<group>"; };
/* End PBXFileReference section */

/* Begin PBXFrameworksBuildPhase section */
		3453AB501B3B9A2F0049C184 /* Frameworks */ = {
			isa = PBXFrameworksBuildPhase;
			buildActionMask = 2147483647;
			files = (
			);
			runOnlyForDeploymentPostprocessing = 0;
		};
		3453AB631B3B9A2F0049C184 /* Frameworks */ = {
			isa = PBXFrameworksBuildPhase;
			buildActionMask = 2147483647;
			files = (
			);
			runOnlyForDeploymentPostprocessing = 0;
		};
/* End PBXFrameworksBuildPhase section */

/* Begin PBXGroup section */
		3443AED71B3C398B00DF9C2C /* EGOImageView */ = {
			isa = PBXGroup;
			children = (
				3443AED81B3C398B00DF9C2C /* EGOCache.h */,
				3443AED91B3C398B00DF9C2C /* EGOCache.m */,
				3443AEDA1B3C398B00DF9C2C /* EGOImageButton.h */,
				3443AEDB1B3C398B00DF9C2C /* EGOImageButton.m */,
				3443AEDC1B3C398B00DF9C2C /* EGOImageLoadConnection.h */,
				3443AEDD1B3C398B00DF9C2C /* EGOImageLoadConnection.m */,
				3443AEDE1B3C398B00DF9C2C /* EGOImageLoader.h */,
				3443AEDF1B3C398B00DF9C2C /* EGOImageLoader.m */,
				3443AEE01B3C398B00DF9C2C /* EGOImageView.h */,
				3443AEE11B3C398B00DF9C2C /* EGOImageView.m */,
			);
			path = EGOImageView;
			sourceTree = "<group>";
		};
		3453AB4A1B3B9A2F0049C184 = {
			isa = PBXGroup;
			children = (
				3453AB551B3B9A2F0049C184 /* JJCartoon */,
				3453AB691B3B9A2F0049C184 /* JJCartoonTests */,
				3453AB541B3B9A2F0049C184 /* Products */,
			);
			sourceTree = "<group>";
		};
		3453AB541B3B9A2F0049C184 /* Products */ = {
			isa = PBXGroup;
			children = (
				3453AB531B3B9A2F0049C184 /* JJCartoon.app */,
				3453AB661B3B9A2F0049C184 /* JJCartoonTests.xctest */,
			);
			name = Products;
			sourceTree = "<group>";
		};
		3453AB551B3B9A2F0049C184 /* JJCartoon */ = {
			isa = PBXGroup;
			children = (
				3453AB7D1B3B9AD50049C184 /* Sections */,
				3453AB771B3B9A920049C184 /* AppDelegate */,
				3453AB841B3B9B330049C184 /* Vendors */,
				3453AB831B3B9B1D0049C184 /* Userinterface */,
				3453AB821B3B9B190049C184 /* Supporting Files */,
				3453AB811B3B9AE20049C184 /* helpers */,
				3453AB801B3B9ADE0049C184 /* Macro */,
				3453AB7F1B3B9ADC0049C184 /* Moderls */,
				3453AB7E1B3B9AD80049C184 /* Recrources */,
				3453AB7C1B3B9AD20049C184 /* New Group */,
				3453AB761B3B9A6A0049C184 /* General */,
				3453AB5D1B3B9A2F0049C184 /* Images.xcassets */,
				3453AB5F1B3B9A2F0049C184 /* LaunchScreen.xib */,
				3453AB561B3B9A2F0049C184 /* Supporting Files */,
			);
			path = JJCartoon;
			sourceTree = "<group>";
		};
		3453AB561B3B9A2F0049C184 /* Supporting Files */ = {
			isa = PBXGroup;
			children = (
				3453AB571B3B9A2F0049C184 /* Info.plist */,
				3453AB581B3B9A2F0049C184 /* main.m */,
			);
			name = "Supporting Files";
			sourceTree = "<group>";
		};
		3453AB691B3B9A2F0049C184 /* JJCartoonTests */ = {
			isa = PBXGroup;
			children = (
				3453AB6C1B3B9A2F0049C184 /* JJCartoonTests.m */,
				3453AB6A1B3B9A2F0049C184 /* Supporting Files */,
			);
			path = JJCartoonTests;
			sourceTree = "<group>";
		};
		3453AB6A1B3B9A2F0049C184 /* Supporting Files */ = {
			isa = PBXGroup;
			children = (
				3453AB6B1B3B9A2F0049C184 /* Info.plist */,
			);
			name = "Supporting Files";
			sourceTree = "<group>";
		};
		3453AB761B3B9A6A0049C184 /* General */ = {
			isa = PBXGroup;
			children = (
			);
			name = General;
			sourceTree = "<group>";
		};
		3453AB771B3B9A920049C184 /* AppDelegate */ = {
			isa = PBXGroup;
			children = (
				3453AB5A1B3B9A2F0049C184 /* AppDelegate.h */,
				3453AB5B1B3B9A2F0049C184 /* AppDelegate.m */,
			);
			name = AppDelegate;
			sourceTree = "<group>";
		};
		3453AB7C1B3B9AD20049C184 /* New Group */ = {
			isa = PBXGroup;
			children = (
			);
			name = "New Group";
			sourceTree = "<group>";
		};
		3453AB7D1B3B9AD50049C184 /* Sections */ = {
			isa = PBXGroup;
			children = (
				3453AB911B3B9D380049C184 /* RootVC */,
				3453AB871B3B9BDA0049C184 /* KuaiKanVC */,
				3453AB861B3B9BD50049C184 /* FindVC */,
				3453AB851B3B9BD10049C184 /* PersonalVC */,
			);
			name = Sections;
			sourceTree = "<group>";
		};
		3453AB7E1B3B9AD80049C184 /* Recrources */ = {
			isa = PBXGroup;
			children = (
			);
			name = Recrources;
			sourceTree = "<group>";
		};
		3453AB7F1B3B9ADC0049C184 /* Moderls */ = {
			isa = PBXGroup;
			children = (
			);
			name = Moderls;
			sourceTree = "<group>";
		};
		3453AB801B3B9ADE0049C184 /* Macro */ = {
			isa = PBXGroup;
			children = (
			);
			name = Macro;
			sourceTree = "<group>";
		};
		3453AB811B3B9AE20049C184 /* helpers */ = {
			isa = PBXGroup;
			children = (
			);
			name = helpers;
			sourceTree = "<group>";
		};
		3453AB821B3B9B190049C184 /* Supporting Files */ = {
			isa = PBXGroup;
			children = (
			);
			name = "Supporting Files";
			sourceTree = "<group>";
		};
		3453AB831B3B9B1D0049C184 /* Userinterface */ = {
			isa = PBXGroup;
			children = (
			);
			name = Userinterface;
			sourceTree = "<group>";
		};
		3453AB841B3B9B330049C184 /* Vendors */ = {
			isa = PBXGroup;
			children = (
				3443AED71B3C398B00DF9C2C /* EGOImageView */,
				34AE054A1B3BB26800E1E6D3 /* SDCycleScrollView */,
			);
			name = Vendors;
			sourceTree = "<group>";
		};
		3453AB851B3B9BD10049C184 /* PersonalVC */ = {
			isa = PBXGroup;
			children = (
				3453AB901B3B9CC90049C184 /* Model */,
				3453AB8F1B3B9CC70049C184 /* View */,
				3453AB8E1B3B9CC40049C184 /* ViewController */,
			);
			name = PersonalVC;
			sourceTree = "<group>";
		};
		3453AB861B3B9BD50049C184 /* FindVC */ = {
			isa = PBXGroup;
			children = (
				34AE05681B3BE2AF00E1E6D3 /* NetworkEngine */,
				3453AB8D1B3B9CBF0049C184 /* Model */,
				3453AB8C1B3B9CBC0049C184 /* View */,
				3453AB8B1B3B9CB90049C184 /* ViewController */,
			);
			name = FindVC;
			sourceTree = "<group>";
		};
		3453AB871B3B9BDA0049C184 /* KuaiKanVC */ = {
			isa = PBXGroup;
			children = (
				3453AB8A1B3B9C7C0049C184 /* Model */,
				3453AB891B3B9C790049C184 /* View */,
				3453AB881B3B9C740049C184 /* ViewController */,
			);
			name = KuaiKanVC;
			sourceTree = "<group>";
		};
		3453AB881B3B9C740049C184 /* ViewController */ = {
			isa = PBXGroup;
			children = (
				3453ABA21B3BA2A90049C184 /* FirstViewController.h */,
				3453ABA31B3BA2A90049C184 /* FirstViewController.m */,
				3453ABA41B3BA2A90049C184 /* FirstViewController.xib */,
			);
			name = ViewController;
			sourceTree = "<group>";
		};
		3453AB891B3B9C790049C184 /* View */ = {
			isa = PBXGroup;
			children = (
			);
			name = View;
			sourceTree = "<group>";
		};
		3453AB8A1B3B9C7C0049C184 /* Model */ = {
			isa = PBXGroup;
			children = (
			);
			name = Model;
			sourceTree = "<group>";
		};
		3453AB8B1B3B9CB90049C184 /* ViewController */ = {
			isa = PBXGroup;
			children = (
				3453ABA71B3BA2BE0049C184 /* SecondViewController.h */,
				3453ABA81B3BA2BE0049C184 /* SecondViewController.m */,
				3453ABA91B3BA2BE0049C184 /* SecondViewController.xib */,
			);
			name = ViewController;
			sourceTree = "<group>";
		};
		3453AB8C1B3B9CBC0049C184 /* View */ = {
			isa = PBXGroup;
			children = (
				3443AED11B3C1F9400DF9C2C /* FindItemCell.h */,
				3443AED21B3C1F9400DF9C2C /* FindItemCell.m */,
				3443AED41B3C334700DF9C2C /* CollectionCell.h */,
				3443AED51B3C334700DF9C2C /* CollectionCell.m */,
			);
			name = View;
			sourceTree = "<group>";
		};
		3453AB8D1B3B9CBF0049C184 /* Model */ = {
			isa = PBXGroup;
			children = (
				34AE05641B3BDC1A00E1E6D3 /* CycleModel.h */,
				34AE05651B3BDC1A00E1E6D3 /* CycleModel.m */,
			);
			name = Model;
			sourceTree = "<group>";
		};
		3453AB8E1B3B9CC40049C184 /* ViewController */ = {
			isa = PBXGroup;
			children = (
				3453ABAC1B3BA2D30049C184 /* ThirdViewController.h */,
				3453ABAD1B3BA2D30049C184 /* ThirdViewController.m */,
				3453ABAE1B3BA2D30049C184 /* ThirdViewController.xib */,
			);
			name = ViewController;
			sourceTree = "<group>";
		};
		3453AB8F1B3B9CC70049C184 /* View */ = {
			isa = PBXGroup;
			children = (
			);
			name = View;
			sourceTree = "<group>";
		};
		3453AB901B3B9CC90049C184 /* Model */ = {
			isa = PBXGroup;
			children = (
			);
			name = Model;
			sourceTree = "<group>";
		};
		3453AB911B3B9D380049C184 /* RootVC */ = {
			isa = PBXGroup;
			children = (
				3453AB941B3B9D470049C184 /* Model */,
				3453AB931B3B9D450049C184 /* View */,
				3453AB921B3B9D430049C184 /* ViewController */,
			);
			name = RootVC;
			sourceTree = "<group>";
		};
		3453AB921B3B9D430049C184 /* ViewController */ = {
			isa = PBXGroup;
			children = (
				3453ABB61B3BAA7D0049C184 /* RootViewController.h */,
				3453ABB71B3BAA7D0049C184 /* RootViewController.m */,
				3453ABB81B3BAA7D0049C184 /* RootViewController.xib */,
			);
			name = ViewController;
			sourceTree = "<group>";
		};
		3453AB931B3B9D450049C184 /* View */ = {
			isa = PBXGroup;
			children = (
			);
			name = View;
			sourceTree = "<group>";
		};
		3453AB941B3B9D470049C184 /* Model */ = {
			isa = PBXGroup;
			children = (
			);
			name = Model;
			sourceTree = "<group>";
		};
		34AE054A1B3BB26800E1E6D3 /* SDCycleScrollView */ = {
			isa = PBXGroup;
			children = (
				34AE054B1B3BB26800E1E6D3 /* NSData+SDDataCache.h */,
				34AE054C1B3BB26800E1E6D3 /* NSData+SDDataCache.m */,
				34AE054D1B3BB26800E1E6D3 /* PageControl */,
				34AE05561B3BB26800E1E6D3 /* SDCollectionViewCell.h */,
				34AE05571B3BB26800E1E6D3 /* SDCollectionViewCell.m */,
				34AE05581B3BB26800E1E6D3 /* SDCycleScrollView.h */,
				34AE05591B3BB26800E1E6D3 /* SDCycleScrollView.m */,
				34AE055A1B3BB26800E1E6D3 /* UIView+SDExtension.h */,
				34AE055B1B3BB26800E1E6D3 /* UIView+SDExtension.m */,
			);
			path = SDCycleScrollView;
			sourceTree = "<group>";
		};
		34AE054D1B3BB26800E1E6D3 /* PageControl */ = {
			isa = PBXGroup;
			children = (
				34AE054E1B3BB26800E1E6D3 /* TAAbstractDotView.h */,
				34AE054F1B3BB26800E1E6D3 /* TAAbstractDotView.m */,
				34AE05501B3BB26800E1E6D3 /* TAAnimatedDotView.h */,
				34AE05511B3BB26800E1E6D3 /* TAAnimatedDotView.m */,
				34AE05521B3BB26800E1E6D3 /* TADotView.h */,
				34AE05531B3BB26800E1E6D3 /* TADotView.m */,
				34AE05541B3BB26800E1E6D3 /* TAPageControl.h */,
				34AE05551B3BB26800E1E6D3 /* TAPageControl.m */,
			);
			path = PageControl;
			sourceTree = "<group>";
		};
		34AE05681B3BE2AF00E1E6D3 /* NetworkEngine */ = {
			isa = PBXGroup;
			children = (
				34AE05691B3BE2CB00E1E6D3 /* NetworkEngine.h */,
				34AE056A1B3BE2CB00E1E6D3 /* NetworkEngine.m */,
			);
			name = NetworkEngine;
			sourceTree = "<group>";
		};
/* End PBXGroup section */

/* Begin PBXNativeTarget section */
		3453AB521B3B9A2F0049C184 /* JJCartoon */ = {
			isa = PBXNativeTarget;
			buildConfigurationList = 3453AB701B3B9A2F0049C184 /* Build configuration list for PBXNativeTarget "JJCartoon" */;
			buildPhases = (
				3453AB4F1B3B9A2F0049C184 /* Sources */,
				3453AB501B3B9A2F0049C184 /* Frameworks */,
				3453AB511B3B9A2F0049C184 /* Resources */,
			);
			buildRules = (
			);
			dependencies = (
			);
			name = JJCartoon;
			productName = JJCartoon;
			productReference = 3453AB531B3B9A2F0049C184 /* JJCartoon.app */;
			productType = "com.apple.product-type.application";
		};
		3453AB651B3B9A2F0049C184 /* JJCartoonTests */ = {
			isa = PBXNativeTarget;
			buildConfigurationList = 3453AB731B3B9A2F0049C184 /* Build configuration list for PBXNativeTarget "JJCartoonTests" */;
			buildPhases = (
				3453AB621B3B9A2F0049C184 /* Sources */,
				3453AB631B3B9A2F0049C184 /* Frameworks */,
				3453AB641B3B9A2F0049C184 /* Resources */,
			);
			buildRules = (
			);
			dependencies = (
				3453AB681B3B9A2F0049C184 /* PBXTargetDependency */,
			);
			name = JJCartoonTests;
			productName = JJCartoonTests;
			productReference = 3453AB661B3B9A2F0049C184 /* JJCartoonTests.xctest */;
			productType = "com.apple.product-type.bundle.unit-test";
		};
/* End PBXNativeTarget section */

/* Begin PBXProject section */
		3453AB4B1B3B9A2F0049C184 /* Project object */ = {
			isa = PBXProject;
			attributes = {
				LastUpgradeCheck = 0630;
				ORGANIZATIONNAME = Mr.xie;
				TargetAttributes = {
					3453AB521B3B9A2F0049C184 = {
						CreatedOnToolsVersion = 6.3;
					};
					3453AB651B3B9A2F0049C184 = {
						CreatedOnToolsVersion = 6.3;
						TestTargetID = 3453AB521B3B9A2F0049C184;
					};
				};
			};
			buildConfigurationList = 3453AB4E1B3B9A2F0049C184 /* Build configuration list for PBXProject "JJCartoon" */;
			compatibilityVersion = "Xcode 3.2";
			developmentRegion = English;
			hasScannedForEncodings = 0;
			knownRegions = (
				en,
				Base,
			);
			mainGroup = 3453AB4A1B3B9A2F0049C184;
			productRefGroup = 3453AB541B3B9A2F0049C184 /* Products */;
			projectDirPath = "";
			projectRoot = "";
			targets = (
				3453AB521B3B9A2F0049C184 /* JJCartoon */,
				3453AB651B3B9A2F0049C184 /* JJCartoonTests */,
			);
		};
/* End PBXProject section */

/* Begin PBXResourcesBuildPhase section */
		3453AB511B3B9A2F0049C184 /* Resources */ = {
			isa = PBXResourcesBuildPhase;
			buildActionMask = 2147483647;
			files = (
				3453AB611B3B9A2F0049C184 /* LaunchScreen.xib in Resources */,
				3453AB5E1B3B9A2F0049C184 /* Images.xcassets in Resources */,
				3453ABBA1B3BAA7D0049C184 /* RootViewController.xib in Resources */,
				3453ABB01B3BA2D30049C184 /* ThirdViewController.xib in Resources */,
				3453ABA61B3BA2A90049C184 /* FirstViewController.xib in Resources */,
				3453ABAB1B3BA2BE0049C184 /* SecondViewController.xib in Resources */,
			);
			runOnlyForDeploymentPostprocessing = 0;
		};
		3453AB641B3B9A2F0049C184 /* Resources */ = {
			isa = PBXResourcesBuildPhase;
			buildActionMask = 2147483647;
			files = (
			);
			runOnlyForDeploymentPostprocessing = 0;
		};
/* End PBXResourcesBuildPhase section */

/* Begin PBXSourcesBuildPhase section */
		3453AB4F1B3B9A2F0049C184 /* Sources */ = {
			isa = PBXSourcesBuildPhase;
			buildActionMask = 2147483647;
			files = (
				34AE055C1B3BB26800E1E6D3 /* NSData+SDDataCache.m in Sources */,
				34AE055D1B3BB26800E1E6D3 /* TAAbstractDotView.m in Sources */,
				3453ABAA1B3BA2BE0049C184 /* SecondViewController.m in Sources */,
				3443AED61B3C334700DF9C2C /* CollectionCell.m in Sources */,
				3443AEE51B3C398B00DF9C2C /* EGOImageLoader.m in Sources */,
				3453AB5C1B3B9A2F0049C184 /* AppDelegate.m in Sources */,
				34AE05621B3BB26800E1E6D3 /* SDCycleScrollView.m in Sources */,
				3453ABB91B3BAA7D0049C184 /* RootViewController.m in Sources */,
				3453ABAF1B3BA2D30049C184 /* ThirdViewController.m in Sources */,
				3443AEE61B3C398B00DF9C2C /* EGOImageView.m in Sources */,
				3443AED31B3C1F9400DF9C2C /* FindItemCell.m in Sources */,
				34AE05631B3BB26800E1E6D3 /* UIView+SDExtension.m in Sources */,
				34AE05601B3BB26800E1E6D3 /* TAPageControl.m in Sources */,
				3443AEE41B3C398B00DF9C2C /* EGOImageLoadConnection.m in Sources */,
				3453AB591B3B9A2F0049C184 /* main.m in Sources */,
				34AE056B1B3BE2CB00E1E6D3 /* NetworkEngine.m in Sources */,
				3443AEE31B3C398B00DF9C2C /* EGOImageButton.m in Sources */,
				34AE05661B3BDC1A00E1E6D3 /* CycleModel.m in Sources */,
				3453ABA51B3BA2A90049C184 /* FirstViewController.m in Sources */,
				3443AEE21B3C398B00DF9C2C /* EGOCache.m in Sources */,
				34AE055E1B3BB26800E1E6D3 /* TAAnimatedDotView.m in Sources */,
				34AE055F1B3BB26800E1E6D3 /* TADotView.m in Sources */,
				34AE05611B3BB26800E1E6D3 /* SDCollectionViewCell.m in Sources */,
			);
			runOnlyForDeploymentPostprocessing = 0;
		};
		3453AB621B3B9A2F0049C184 /* Sources */ = {
			isa = PBXSourcesBuildPhase;
			buildActionMask = 2147483647;
			files = (
				3453AB6D1B3B9A2F0049C184 /* JJCartoonTests.m in Sources */,
			);
			runOnlyForDeploymentPostprocessing = 0;
		};
/* End PBXSourcesBuildPhase section */

/* Begin PBXTargetDependency section */
		3453AB681B3B9A2F0049C184 /* PBXTargetDependency */ = {
			isa = PBXTargetDependency;
			target = 3453AB521B3B9A2F0049C184 /* JJCartoon */;
			targetProxy = 3453AB671B3B9A2F0049C184 /* PBXContainerItemProxy */;
		};
/* End PBXTargetDependency section */

/* Begin PBXVariantGroup section */
		3453AB5F1B3B9A2F0049C184 /* LaunchScreen.xib */ = {
			isa = PBXVariantGroup;
			children = (
				3453AB601B3B9A2F0049C184 /* Base */,
			);
			name = LaunchScreen.xib;
			sourceTree = "<group>";
		};
/* End PBXVariantGroup section */

/* Begin XCBuildConfiguration section */
		3453AB6E1B3B9A2F0049C184 /* Debug */ = {
			isa = XCBuildConfiguration;
			buildSettings = {
				ALWAYS_SEARCH_USER_PATHS = NO;
				CLANG_CXX_LANGUAGE_STANDARD = "gnu++0x";
				CLANG_CXX_LIBRARY = "libc++";
				CLANG_ENABLE_MODULES = YES;
				CLANG_ENABLE_OBJC_ARC = YES;
				CLANG_WARN_BOOL_CONVERSION = YES;
				CLANG_WARN_CONSTANT_CONVERSION = YES;
				CLANG_WARN_DIRECT_OBJC_ISA_USAGE = YES_ERROR;
				CLANG_WARN_EMPTY_BODY = YES;
				CLANG_WARN_ENUM_CONVERSION = YES;
				CLANG_WARN_INT_CONVERSION = YES;
				CLANG_WARN_OBJC_ROOT_CLASS = YES_ERROR;
				CLANG_WARN_UNREACHABLE_CODE = YES;
				CLANG_WARN__DUPLICATE_METHOD_MATCH = YES;
				"CODE_SIGN_IDENTITY[sdk=iphoneos*]" = "iPhone Developer";
				COPY_PHASE_STRIP = NO;
				DEBUG_INFORMATION_FORMAT = "dwarf-with-dsym";
				ENABLE_STRICT_OBJC_MSGSEND = YES;
				GCC_C_LANGUAGE_STANDARD = gnu99;
				GCC_DYNAMIC_NO_PIC = NO;
				GCC_NO_COMMON_BLOCKS = YES;
				GCC_OPTIMIZATION_LEVEL = 0;
				GCC_PREPROCESSOR_DEFINITIONS = (
					"DEBUG=1",
					"$(inherited)",
				);
				GCC_SYMBOLS_PRIVATE_EXTERN = NO;
				GCC_WARN_64_TO_32_BIT_CONVERSION = YES;
				GCC_WARN_ABOUT_RETURN_TYPE = YES_ERROR;
				GCC_WARN_UNDECLARED_SELECTOR = YES;
				GCC_WARN_UNINITIALIZED_AUTOS = YES_AGGRESSIVE;
				GCC_WARN_UNUSED_FUNCTION = YES;
				GCC_WARN_UNUSED_VARIABLE = YES;
				IPHONEOS_DEPLOYMENT_TARGET = 8.3;
				MTL_ENABLE_DEBUG_INFO = YES;
				ONLY_ACTIVE_ARCH = YES;
				SDKROOT = iphoneos;
			};
			name = Debug;
		};
		3453AB6F1B3B9A2F0049C184 /* Release */ = {
			isa = XCBuildConfiguration;
			buildSettings = {
				ALWAYS_SEARCH_USER_PATHS = NO;
				CLANG_CXX_LANGUAGE_STANDARD = "gnu++0x";
				CLANG_CXX_LIBRARY = "libc++";
				CLANG_ENABLE_MODULES = YES;
				CLANG_ENABLE_OBJC_ARC = YES;
				CLANG_WARN_BOOL_CONVERSION = YES;
				CLANG_WARN_CONSTANT_CONVERSION = YES;
				CLANG_WARN_DIRECT_OBJC_ISA_USAGE = YES_ERROR;
				CLANG_WARN_EMPTY_BODY = YES;
				CLANG_WARN_ENUM_CONVERSION = YES;
				CLANG_WARN_INT_CONVERSION = YES;
				CLANG_WARN_OBJC_ROOT_CLASS = YES_ERROR;
				CLANG_WARN_UNREACHABLE_CODE = YES;
				CLANG_WARN__DUPLICATE_METHOD_MATCH = YES;
				"CODE_SIGN_IDENTITY[sdk=iphoneos*]" = "iPhone Developer";
				COPY_PHASE_STRIP = NO;
				DEBUG_INFORMATION_FORMAT = "dwarf-with-dsym";
				ENABLE_NS_ASSERTIONS = NO;
				ENABLE_STRICT_OBJC_MSGSEND = YES;
				GCC_C_LANGUAGE_STANDARD = gnu99;
				GCC_NO_COMMON_BLOCKS = YES;
				GCC_WARN_64_TO_32_BIT_CONVERSION = YES;
				GCC_WARN_ABOUT_RETURN_TYPE = YES_ERROR;
				GCC_WARN_UNDECLARED_SELECTOR = YES;
				GCC_WARN_UNINITIALIZED_AUTOS = YES_AGGRESSIVE;
				GCC_WARN_UNUSED_FUNCTION = YES;
				GCC_WARN_UNUSED_VARIABLE = YES;
				IPHONEOS_DEPLOYMENT_TARGET = 8.3;
				MTL_ENABLE_DEBUG_INFO = NO;
				SDKROOT = iphoneos;
				VALIDATE_PRODUCT = YES;
			};
			name = Release;
		};
		3453AB711B3B9A2F0049C184 /* Debug */ = {
			isa = XCBuildConfiguration;
			buildSettings = {
				ASSETCATALOG_COMPILER_APPICON_NAME = AppIcon;
				CLANG_ENABLE_OBJC_ARC = NO;
				INFOPLIST_FILE = JJCartoon/Info.plist;
				IPHONEOS_DEPLOYMENT_TARGET = 8.1;
				LD_RUNPATH_SEARCH_PATHS = "$(inherited) @executable_path/Frameworks";
				PRODUCT_NAME = "$(TARGET_NAME)";
			};
			name = Debug;
		};
		3453AB721B3B9A2F0049C184 /* Release */ = {
			isa = XCBuildConfiguration;
			buildSettings = {
				ASSETCATALOG_COMPILER_APPICON_NAME = AppIcon;
				CLANG_ENABLE_OBJC_ARC = NO;
				INFOPLIST_FILE = JJCartoon/Info.plist;
				IPHONEOS_DEPLOYMENT_TARGET = 8.1;
				LD_RUNPATH_SEARCH_PATHS = "$(inherited) @executable_path/Frameworks";
				PRODUCT_NAME = "$(TARGET_NAME)";
			};
			name = Release;
		};
		3453AB741B3B9A2F0049C184 /* Debug */ = {
			isa = XCBuildConfiguration;
			buildSettings = {
				BUNDLE_LOADER = "$(TEST_HOST)";
				FRAMEWORK_SEARCH_PATHS = (
					"$(SDKROOT)/Developer/Library/Frameworks",
					"$(inherited)",
				);
				GCC_PREPROCESSOR_DEFINITIONS = (
					"DEBUG=1",
					"$(inherited)",
				);
				INFOPLIST_FILE = JJCartoonTests/Info.plist;
				IPHONEOS_DEPLOYMENT_TARGET = 8.1;
				LD_RUNPATH_SEARCH_PATHS = "$(inherited) @executable_path/Frameworks @loader_path/Frameworks";
				PRODUCT_NAME = "$(TARGET_NAME)";
				TEST_HOST = "$(BUILT_PRODUCTS_DIR)/JJCartoon.app/JJCartoon";
			};
			name = Debug;
		};
		3453AB751B3B9A2F0049C184 /* Release */ = {
			isa = XCBuildConfiguration;
			buildSettings = {
				BUNDLE_LOADER = "$(TEST_HOST)";
				FRAMEWORK_SEARCH_PATHS = (
					"$(SDKROOT)/Developer/Library/Frameworks",
					"$(inherited)",
				);
				INFOPLIST_FILE = JJCartoonTests/Info.plist;
				IPHONEOS_DEPLOYMENT_TARGET = 8.1;
				LD_RUNPATH_SEARCH_PATHS = "$(inherited) @executable_path/Frameworks @loader_path/Frameworks";
				PRODUCT_NAME = "$(TARGET_NAME)";
				TEST_HOST = "$(BUILT_PRODUCTS_DIR)/JJCartoon.app/JJCartoon";
			};
			name = Release;
		};
/* End XCBuildConfiguration section */

/* Begin XCConfigurationList section */
		3453AB4E1B3B9A2F0049C184 /* Build configuration list for PBXProject "JJCartoon" */ = {
			isa = XCConfigurationList;
			buildConfigurations = (
				3453AB6E1B3B9A2F0049C184 /* Debug */,
				3453AB6F1B3B9A2F0049C184 /* Release */,
			);
			defaultConfigurationIsVisible = 0;
			defaultConfigurationName = Release;
		};
		3453AB701B3B9A2F0049C184 /* Build configuration list for PBXNativeTarget "JJCartoon" */ = {
			isa = XCConfigurationList;
			buildConfigurations = (
				3453AB711B3B9A2F0049C184 /* Debug */,
				3453AB721B3B9A2F0049C184 /* Release */,
			);
			defaultConfigurationIsVisible = 0;
			defaultConfigurationName = Release;
		};
		3453AB731B3B9A2F0049C184 /* Build configuration list for PBXNativeTarget "JJCartoonTests" */ = {
			isa = XCConfigurationList;
			buildConfigurations = (
				3453AB741B3B9A2F0049C184 /* Debug */,
				3453AB751B3B9A2F0049C184 /* Release */,
			);
			defaultConfigurationIsVisible = 0;
			defaultConfigurationName = Release;
		};
/* End XCConfigurationList section */
	};
	rootObject = 3453AB4B1B3B9A2F0049C184 /* Project object */;
}
